// !$*UTF8*$!
{
	archiveVersion = 1;
	classes = {
	};
	objectVersion = 46;
	objects = {

/* Begin PBXBuildFile section */
		23820382A709C21DF86F7791 /* Pods_iAsync_cacheTests.framework in Frameworks */ = {isa = PBXBuildFile; fileRef = BE19202BDAF8A56E1957C255 /* Pods_iAsync_cacheTests.framework */; };
		2D6F4CEB1B3B3CA700AC5D18 /* iAsync_cache.framework in Frameworks */ = {isa = PBXBuildFile; fileRef = 2D6F4CE01B3B3CA700AC5D18 /* iAsync_cache.framework */; };
		2D6F4CF01B3B3CA700AC5D18 /* iAsync_cacheTests.swift in Sources */ = {isa = PBXBuildFile; fileRef = 2D6F4CEF1B3B3CA700AC5D18 /* iAsync_cacheTests.swift */; };
		A03C6A431B3B472100E6F1F1 /* libsqlite3.dylib in Frameworks */ = {isa = PBXBuildFile; fileRef = A03C6A421B3B472100E6F1F1 /* libsqlite3.dylib */; };
		A8BC9631C7E91E226F41CA0B /* Pods_iAsync_cache.framework in Frameworks */ = {isa = PBXBuildFile; fileRef = 65C0ECE12ECBFDF92C0D06B2 /* Pods_iAsync_cache.framework */; };
		C3E897331DF049A9000D1618 /* Info.plist in Resources */ = {isa = PBXBuildFile; fileRef = C3E897321DF049A9000D1618 /* Info.plist */; };
/* End PBXBuildFile section */

/* Begin PBXContainerItemProxy section */
		2D6F4CEC1B3B3CA700AC5D18 /* PBXContainerItemProxy */ = {
			isa = PBXContainerItemProxy;
			containerPortal = 2D6F4CD71B3B3CA700AC5D18 /* Project object */;
			proxyType = 1;
			remoteGlobalIDString = 2D6F4CDF1B3B3CA700AC5D18;
			remoteInfo = iAsync.cache;
		};
/* End PBXContainerItemProxy section */

/* Begin PBXFileReference section */
		2D53CA0D5A45BA55FE46092C /* Pods-iAsync.cache.release.xcconfig */ = {isa = PBXFileReference; includeInIndex = 1; lastKnownFileType = text.xcconfig; name = "Pods-iAsync.cache.release.xcconfig"; path = "Pods/Target Support Files/Pods-iAsync.cache/Pods-iAsync.cache.release.xcconfig"; sourceTree = "<group>"; };
		2D6F4CE01B3B3CA700AC5D18 /* iAsync_cache.framework */ = {isa = PBXFileReference; explicitFileType = wrapper.framework; includeInIndex = 0; path = iAsync_cache.framework; sourceTree = BUILT_PRODUCTS_DIR; };
		2D6F4CEA1B3B3CA700AC5D18 /* iAsync.cacheTests.xctest */ = {isa = PBXFileReference; explicitFileType = wrapper.cfbundle; includeInIndex = 0; path = iAsync.cacheTests.xctest; sourceTree = BUILT_PRODUCTS_DIR; };
		2D6F4CEF1B3B3CA700AC5D18 /* iAsync_cacheTests.swift */ = {isa = PBXFileReference; lastKnownFileType = sourcecode.swift; path = iAsync_cacheTests.swift; sourceTree = "<group>"; };
		2D6F4CF11B3B3CA700AC5D18 /* Info.plist */ = {isa = PBXFileReference; lastKnownFileType = text.plist.xml; path = Info.plist; sourceTree = "<group>"; };
		30F3F410344853A8028FB7DB /* Pods-iAsync.cache.debug.xcconfig */ = {isa = PBXFileReference; includeInIndex = 1; lastKnownFileType = text.xcconfig; name = "Pods-iAsync.cache.debug.xcconfig"; path = "Pods/Target Support Files/Pods-iAsync.cache/Pods-iAsync.cache.debug.xcconfig"; sourceTree = "<group>"; };
		4CA02CD91B3C72A500D3C6AB /* iAsync.cache.podspec */ = {isa = PBXFileReference; fileEncoding = 4; lastKnownFileType = text; path = iAsync.cache.podspec; sourceTree = "<group>"; };
		5D1966CE5591EF28CA2C35EF /* Pods-iAsync.cacheTests.release.xcconfig */ = {isa = PBXFileReference; includeInIndex = 1; lastKnownFileType = text.xcconfig; name = "Pods-iAsync.cacheTests.release.xcconfig"; path = "Pods/Target Support Files/Pods-iAsync.cacheTests/Pods-iAsync.cacheTests.release.xcconfig"; sourceTree = "<group>"; };
		65C0ECE12ECBFDF92C0D06B2 /* Pods_iAsync_cache.framework */ = {isa = PBXFileReference; explicitFileType = wrapper.framework; includeInIndex = 0; path = Pods_iAsync_cache.framework; sourceTree = BUILT_PRODUCTS_DIR; };
		7C2D658840A84D0967AE69FA /* Pods-iAsync.cacheTests.debug.xcconfig */ = {isa = PBXFileReference; includeInIndex = 1; lastKnownFileType = text.xcconfig; name = "Pods-iAsync.cacheTests.debug.xcconfig"; path = "Pods/Target Support Files/Pods-iAsync.cacheTests/Pods-iAsync.cacheTests.debug.xcconfig"; sourceTree = "<group>"; };
		A03C6A421B3B472100E6F1F1 /* libsqlite3.dylib */ = {isa = PBXFileReference; lastKnownFileType = "compiled.mach-o.dylib"; name = libsqlite3.dylib; path = usr/lib/libsqlite3.dylib; sourceTree = SDKROOT; };
		BE19202BDAF8A56E1957C255 /* Pods_iAsync_cacheTests.framework */ = {isa = PBXFileReference; explicitFileType = wrapper.framework; includeInIndex = 0; path = Pods_iAsync_cacheTests.framework; sourceTree = BUILT_PRODUCTS_DIR; };
		C3E897321DF049A9000D1618 /* Info.plist */ = {isa = PBXFileReference; fileEncoding = 4; lastKnownFileType = text.plist.xml; name = Info.plist; path = Sources/Info.plist; sourceTree = "<group>"; };
/* End PBXFileReference section */

/* Begin PBXFrameworksBuildPhase section */
		2D6F4CDC1B3B3CA700AC5D18 /* Frameworks */ = {
			isa = PBXFrameworksBuildPhase;
			buildActionMask = 2147483647;
			files = (
				A03C6A431B3B472100E6F1F1 /* libsqlite3.dylib in Frameworks */,
				A8BC9631C7E91E226F41CA0B /* Pods_iAsync_cache.framework in Frameworks */,
			);
			runOnlyForDeploymentPostprocessing = 0;
		};
		2D6F4CE71B3B3CA700AC5D18 /* Frameworks */ = {
			isa = PBXFrameworksBuildPhase;
			buildActionMask = 2147483647;
			files = (
				2D6F4CEB1B3B3CA700AC5D18 /* iAsync_cache.framework in Frameworks */,
				23820382A709C21DF86F7791 /* Pods_iAsync_cacheTests.framework in Frameworks */,
			);
			runOnlyForDeploymentPostprocessing = 0;
		};
/* End PBXFrameworksBuildPhase section */

/* Begin PBXGroup section */
		2D4FDE041B3B48F0000EDFA5 /* Frameworks */ = {
			isa = PBXGroup;
			children = (
				A03C6A421B3B472100E6F1F1 /* libsqlite3.dylib */,
				65C0ECE12ECBFDF92C0D06B2 /* Pods_iAsync_cache.framework */,
				BE19202BDAF8A56E1957C255 /* Pods_iAsync_cacheTests.framework */,
			);
			name = Frameworks;
			sourceTree = "<group>";
		};
		2D6F4CD61B3B3CA700AC5D18 = {
			isa = PBXGroup;
			children = (
				C3E897321DF049A9000D1618 /* Info.plist */,
				4CA02CD91B3C72A500D3C6AB /* iAsync.cache.podspec */,
				2D6F4CEE1B3B3CA700AC5D18 /* iAsync.cacheTests */,
				2D6F4CE11B3B3CA700AC5D18 /* Products */,
				2D4FDE041B3B48F0000EDFA5 /* Frameworks */,
				6930ED546E7FF43C65B56C71 /* Pods */,
			);
			sourceTree = "<group>";
		};
		2D6F4CE11B3B3CA700AC5D18 /* Products */ = {
			isa = PBXGroup;
			children = (
				2D6F4CE01B3B3CA700AC5D18 /* iAsync_cache.framework */,
				2D6F4CEA1B3B3CA700AC5D18 /* iAsync.cacheTests.xctest */,
			);
			name = Products;
			sourceTree = "<group>";
		};
		2D6F4CEE1B3B3CA700AC5D18 /* iAsync.cacheTests */ = {
			isa = PBXGroup;
			children = (
				2D6F4CEF1B3B3CA700AC5D18 /* iAsync_cacheTests.swift */,
				2D6F4CF11B3B3CA700AC5D18 /* Info.plist */,
			);
			path = iAsync.cacheTests;
			sourceTree = "<group>";
		};
		6930ED546E7FF43C65B56C71 /* Pods */ = {
			isa = PBXGroup;
			children = (
				30F3F410344853A8028FB7DB /* Pods-iAsync.cache.debug.xcconfig */,
				2D53CA0D5A45BA55FE46092C /* Pods-iAsync.cache.release.xcconfig */,
				7C2D658840A84D0967AE69FA /* Pods-iAsync.cacheTests.debug.xcconfig */,
				5D1966CE5591EF28CA2C35EF /* Pods-iAsync.cacheTests.release.xcconfig */,
			);
			name = Pods;
			sourceTree = "<group>";
		};
/* End PBXGroup section */

/* Begin PBXHeadersBuildPhase section */
		2D6F4CDD1B3B3CA700AC5D18 /* Headers */ = {
			isa = PBXHeadersBuildPhase;
			buildActionMask = 2147483647;
			files = (
			);
			runOnlyForDeploymentPostprocessing = 0;
		};
/* End PBXHeadersBuildPhase section */

/* Begin PBXNativeTarget section */
		2D6F4CDF1B3B3CA700AC5D18 /* iAsync.cache */ = {
			isa = PBXNativeTarget;
			buildConfigurationList = 2D6F4CF41B3B3CA700AC5D18 /* Build configuration list for PBXNativeTarget "iAsync.cache" */;
			buildPhases = (
				F2D0E2747D9B31385F38C2FB /* [CP] Check Pods Manifest.lock */,
				2D6F4CDB1B3B3CA700AC5D18 /* Sources */,
				2D6F4CDC1B3B3CA700AC5D18 /* Frameworks */,
				2D6F4CDD1B3B3CA700AC5D18 /* Headers */,
				2D6F4CDE1B3B3CA700AC5D18 /* Resources */,
				1158D1FE85F4D2260614A089 /* [CP] Copy Pods Resources */,
			);
			buildRules = (
			);
			dependencies = (
			);
			name = iAsync.cache;
			productName = iAsync.cache;
			productReference = 2D6F4CE01B3B3CA700AC5D18 /* iAsync_cache.framework */;
			productType = "com.apple.product-type.framework";
		};
		2D6F4CE91B3B3CA700AC5D18 /* iAsync.cacheTests */ = {
			isa = PBXNativeTarget;
			buildConfigurationList = 2D6F4CF71B3B3CA700AC5D18 /* Build configuration list for PBXNativeTarget "iAsync.cacheTests" */;
			buildPhases = (
				7F7760C1FE6CB7848BC3F59C /* [CP] Check Pods Manifest.lock */,
				2D6F4CE61B3B3CA700AC5D18 /* Sources */,
				2D6F4CE71B3B3CA700AC5D18 /* Frameworks */,
				2D6F4CE81B3B3CA700AC5D18 /* Resources */,
				424BD04BA21E1C51549B56BC /* [CP] Embed Pods Frameworks */,
				236A45FAFDDFFB515F43C3E6 /* [CP] Copy Pods Resources */,
			);
			buildRules = (
			);
			dependencies = (
				2D6F4CED1B3B3CA700AC5D18 /* PBXTargetDependency */,
			);
			name = iAsync.cacheTests;
			productName = iAsync.cacheTests;
			productReference = 2D6F4CEA1B3B3CA700AC5D18 /* iAsync.cacheTests.xctest */;
			productType = "com.apple.product-type.bundle.unit-test";
		};
/* End PBXNativeTarget section */

/* Begin PBXProject section */
		2D6F4CD71B3B3CA700AC5D18 /* Project object */ = {
			isa = PBXProject;
			attributes = {
				LastSwiftUpdateCheck = 0700;
				LastUpgradeCheck = 0810;
				ORGANIZATIONNAME = EmbeddedSources;
				TargetAttributes = {
					2D6F4CDF1B3B3CA700AC5D18 = {
						CreatedOnToolsVersion = 7.0;
						DevelopmentTeam = GAV4QH5NMA;
						LastSwiftMigration = 0810;
					};
					2D6F4CE91B3B3CA700AC5D18 = {
						CreatedOnToolsVersion = 7.0;
						DevelopmentTeam = GAV4QH5NMA;
						LastSwiftMigration = 0810;
					};
				};
			};
			buildConfigurationList = 2D6F4CDA1B3B3CA700AC5D18 /* Build configuration list for PBXProject "iAsync.cache" */;
			compatibilityVersion = "Xcode 3.2";
			developmentRegion = English;
			hasScannedForEncodings = 0;
			knownRegions = (
				en,
			);
			mainGroup = 2D6F4CD61B3B3CA700AC5D18;
			productRefGroup = 2D6F4CE11B3B3CA700AC5D18 /* Products */;
			projectDirPath = "";
			projectRoot = "";
			targets = (
				2D6F4CDF1B3B3CA700AC5D18 /* iAsync.cache */,
				2D6F4CE91B3B3CA700AC5D18 /* iAsync.cacheTests */,
			);
		};
/* End PBXProject section */

/* Begin PBXResourcesBuildPhase section */
		2D6F4CDE1B3B3CA700AC5D18 /* Resources */ = {
			isa = PBXResourcesBuildPhase;
			buildActionMask = 2147483647;
			files = (
				C3E897331DF049A9000D1618 /* Info.plist in Resources */,
			);
			runOnlyForDeploymentPostprocessing = 0;
		};
		2D6F4CE81B3B3CA700AC5D18 /* Resources */ = {
			isa = PBXResourcesBuildPhase;
			buildActionMask = 2147483647;
			files = (
			);
			runOnlyForDeploymentPostprocessing = 0;
		};
/* End PBXResourcesBuildPhase section */

/* Begin PBXShellScriptBuildPhase section */
		1158D1FE85F4D2260614A089 /* [CP] Copy Pods Resources */ = {
			isa = PBXShellScriptBuildPhase;
			buildActionMask = 2147483647;
			files = (
			);
			inputPaths = (
			);
			name = "[CP] Copy Pods Resources";
			outputPaths = (
			);
			runOnlyForDeploymentPostprocessing = 0;
			shellPath = /bin/sh;
			shellScript = "\"${SRCROOT}/Pods/Target Support Files/Pods-iAsync.cache/Pods-iAsync.cache-resources.sh\"\n";
			showEnvVarsInLog = 0;
		};
		236A45FAFDDFFB515F43C3E6 /* [CP] Copy Pods Resources */ = {
			isa = PBXShellScriptBuildPhase;
			buildActionMask = 2147483647;
			files = (
			);
			inputPaths = (
			);
			name = "[CP] Copy Pods Resources";
			outputPaths = (
			);
			runOnlyForDeploymentPostprocessing = 0;
			shellPath = /bin/sh;
			shellScript = "\"${SRCROOT}/Pods/Target Support Files/Pods-iAsync.cacheTests/Pods-iAsync.cacheTests-resources.sh\"\n";
			showEnvVarsInLog = 0;
		};
		424BD04BA21E1C51549B56BC /* [CP] Embed Pods Frameworks */ = {
			isa = PBXShellScriptBuildPhase;
			buildActionMask = 2147483647;
			files = (
			);
			inputPaths = (
			);
			name = "[CP] Embed Pods Frameworks";
			outputPaths = (
			);
			runOnlyForDeploymentPostprocessing = 0;
			shellPath = /bin/sh;
			shellScript = "\"${SRCROOT}/Pods/Target Support Files/Pods-iAsync.cacheTests/Pods-iAsync.cacheTests-frameworks.sh\"\n";
			showEnvVarsInLog = 0;
		};
		7F7760C1FE6CB7848BC3F59C /* [CP] Check Pods Manifest.lock */ = {
			isa = PBXShellScriptBuildPhase;
			buildActionMask = 2147483647;
			files = (
			);
			inputPaths = (
			);
			name = "[CP] Check Pods Manifest.lock";
			outputPaths = (
			);
			runOnlyForDeploymentPostprocessing = 0;
			shellPath = /bin/sh;
			shellScript = "diff \"${PODS_ROOT}/../Podfile.lock\" \"${PODS_ROOT}/Manifest.lock\" > /dev/null\nif [ $? != 0 ] ; then\n    # print error to STDERR\n    echo \"error: The sandbox is not in sync with the Podfile.lock. Run 'pod install' or update your CocoaPods installation.\" >&2\n    exit 1\nfi\n";
			showEnvVarsInLog = 0;
		};
		F2D0E2747D9B31385F38C2FB /* [CP] Check Pods Manifest.lock */ = {
			isa = PBXShellScriptBuildPhase;
			buildActionMask = 2147483647;
			files = (
			);
			inputPaths = (
			);
			name = "[CP] Check Pods Manifest.lock";
			outputPaths = (
			);
			runOnlyForDeploymentPostprocessing = 0;
			shellPath = /bin/sh;
			shellScript = "diff \"${PODS_ROOT}/../Podfile.lock\" \"${PODS_ROOT}/Manifest.lock\" > /dev/null\nif [ $? != 0 ] ; then\n    # print error to STDERR\n    echo \"error: The sandbox is not in sync with the Podfile.lock. Run 'pod install' or update your CocoaPods installation.\" >&2\n    exit 1\nfi\n";
			showEnvVarsInLog = 0;
		};
/* End PBXShellScriptBuildPhase section */

/* Begin PBXSourcesBuildPhase section */
		2D6F4CDB1B3B3CA700AC5D18 /* Sources */ = {
			isa = PBXSourcesBuildPhase;
			buildActionMask = 2147483647;
			files = (
			);
			runOnlyForDeploymentPostprocessing = 0;
		};
		2D6F4CE61B3B3CA700AC5D18 /* Sources */ = {
			isa = PBXSourcesBuildPhase;
			buildActionMask = 2147483647;
			files = (
				2D6F4CF01B3B3CA700AC5D18 /* iAsync_cacheTests.swift in Sources */,
			);
			runOnlyForDeploymentPostprocessing = 0;
		};
/* End PBXSourcesBuildPhase section */

/* Begin PBXTargetDependency section */
		2D6F4CED1B3B3CA700AC5D18 /* PBXTargetDependency */ = {
			isa = PBXTargetDependency;
			target = 2D6F4CDF1B3B3CA700AC5D18 /* iAsync.cache */;
			targetProxy = 2D6F4CEC1B3B3CA700AC5D18 /* PBXContainerItemProxy */;
		};
/* End PBXTargetDependency section */

/* Begin XCBuildConfiguration section */
		2D6F4CF21B3B3CA700AC5D18 /* Debug */ = {
			isa = XCBuildConfiguration;
			buildSettings = {
				ALWAYS_SEARCH_USER_PATHS = NO;
				CLANG_CXX_LANGUAGE_STANDARD = "gnu++0x";
				CLANG_CXX_LIBRARY = "libc++";
				CLANG_ENABLE_MODULES = YES;
				CLANG_ENABLE_OBJC_ARC = YES;
				CLANG_WARN_BOOL_CONVERSION = YES;
				CLANG_WARN_CONSTANT_CONVERSION = YES;
				CLANG_WARN_DIRECT_OBJC_ISA_USAGE = YES_ERROR;
				CLANG_WARN_EMPTY_BODY = YES;
				CLANG_WARN_ENUM_CONVERSION = YES;
				CLANG_WARN_INFINITE_RECURSION = YES;
				CLANG_WARN_INT_CONVERSION = YES;
				CLANG_WARN_OBJC_ROOT_CLASS = YES_ERROR;
				CLANG_WARN_SUSPICIOUS_MOVE = YES;
				CLANG_WARN_UNREACHABLE_CODE = YES;
				CLANG_WARN__DUPLICATE_METHOD_MATCH = YES;
				"CODE_SIGN_IDENTITY[sdk=iphoneos*]" = "iPhone Developer";
				COPY_PHASE_STRIP = NO;
				CURRENT_PROJECT_VERSION = 1;
				DEBUG_INFORMATION_FORMAT = dwarf;
				ENABLE_STRICT_OBJC_MSGSEND = YES;
				ENABLE_TESTABILITY = YES;
				GCC_C_LANGUAGE_STANDARD = gnu99;
				GCC_DYNAMIC_NO_PIC = NO;
				GCC_NO_COMMON_BLOCKS = YES;
				GCC_OPTIMIZATION_LEVEL = 0;
				GCC_PREPROCESSOR_DEFINITIONS = (
					"DEBUG=1",
					"$(inherited)",
				);
				GCC_WARN_64_TO_32_BIT_CONVERSION = YES;
				GCC_WARN_ABOUT_RETURN_TYPE = YES_ERROR;
				GCC_WARN_UNDECLARED_SELECTOR = YES;
				GCC_WARN_UNINITIALIZED_AUTOS = YES_AGGRESSIVE;
				GCC_WARN_UNUSED_FUNCTION = YES;
				GCC_WARN_UNUSED_VARIABLE = YES;
				IPHONEOS_DEPLOYMENT_TARGET = 8.0;
				MTL_ENABLE_DEBUG_INFO = YES;
				ONLY_ACTIVE_ARCH = YES;
				SDKROOT = iphoneos;
				SWIFT_OPTIMIZATION_LEVEL = "-Onone";
				TARGETED_DEVICE_FAMILY = "1,2";
				VERSIONING_SYSTEM = "apple-generic";
				VERSION_INFO_PREFIX = "";
			};
			name = Debug;
		};
		2D6F4CF31B3B3CA700AC5D18 /* Release */ = {
			isa = XCBuildConfiguration;
			buildSettings = {
				ALWAYS_SEARCH_USER_PATHS = NO;
				CLANG_CXX_LANGUAGE_STANDARD = "gnu++0x";
				CLANG_CXX_LIBRARY = "libc++";
				CLANG_ENABLE_MODULES = YES;
				CLANG_ENABLE_OBJC_ARC = YES;
				CLANG_WARN_BOOL_CONVERSION = YES;
				CLANG_WARN_CONSTANT_CONVERSION = YES;
				CLANG_WARN_DIRECT_OBJC_ISA_USAGE = YES_ERROR;
				CLANG_WARN_EMPTY_BODY = YES;
				CLANG_WARN_ENUM_CONVERSION = YES;
				CLANG_WARN_INFINITE_RECURSION = YES;
				CLANG_WARN_INT_CONVERSION = YES;
				CLANG_WARN_OBJC_ROOT_CLASS = YES_ERROR;
				CLANG_WARN_SUSPICIOUS_MOVE = YES;
				CLANG_WARN_UNREACHABLE_CODE = YES;
				CLANG_WARN__DUPLICATE_METHOD_MATCH = YES;
				"CODE_SIGN_IDENTITY[sdk=iphoneos*]" = "iPhone Developer";
				COPY_PHASE_STRIP = NO;
				CURRENT_PROJECT_VERSION = 1;
				DEBUG_INFORMATION_FORMAT = "dwarf-with-dsym";
				ENABLE_NS_ASSERTIONS = NO;
				ENABLE_STRICT_OBJC_MSGSEND = YES;
				GCC_C_LANGUAGE_STANDARD = gnu99;
				GCC_NO_COMMON_BLOCKS = YES;
				GCC_WARN_64_TO_32_BIT_CONVERSION = YES;
				GCC_WARN_ABOUT_RETURN_TYPE = YES_ERROR;
				GCC_WARN_UNDECLARED_SELECTOR = YES;
				GCC_WARN_UNINITIALIZED_AUTOS = YES_AGGRESSIVE;
				GCC_WARN_UNUSED_FUNCTION = YES;
				GCC_WARN_UNUSED_VARIABLE = YES;
				IPHONEOS_DEPLOYMENT_TARGET = 8.0;
				MTL_ENABLE_DEBUG_INFO = NO;
				SDKROOT = iphoneos;
				SWIFT_OPTIMIZATION_LEVEL = "-Owholemodule";
				TARGETED_DEVICE_FAMILY = "1,2";
				VALIDATE_PRODUCT = YES;
				VERSIONING_SYSTEM = "apple-generic";
				VERSION_INFO_PREFIX = "";
			};
			name = Release;
		};
		2D6F4CF51B3B3CA700AC5D18 /* Debug */ = {
			isa = XCBuildConfiguration;
			baseConfigurationReference = 30F3F410344853A8028FB7DB /* Pods-iAsync.cache.debug.xcconfig */;
			buildSettings = {
				CLANG_ENABLE_MODULES = YES;
				"CODE_SIGN_IDENTITY[sdk=iphoneos*]" = "iPhone Developer";
				DEFINES_MODULE = YES;
				DEVELOPMENT_TEAM = GAV4QH5NMA;
				DYLIB_COMPATIBILITY_VERSION = 1;
				DYLIB_CURRENT_VERSION = 1;
				DYLIB_INSTALL_NAME_BASE = "@rpath";
				INFOPLIST_FILE = "$(SRCROOT)/Sources/Info.plist";
				INSTALL_PATH = "$(LOCAL_LIBRARY_DIR)/Frameworks";
				LD_RUNPATH_SEARCH_PATHS = "$(inherited) @executable_path/Frameworks @loader_path/Frameworks";
				PRODUCT_BUNDLE_IDENTIFIER = "EmbeddedSources.iAsync-cache";
				PRODUCT_NAME = iAsync_cache;
				SKIP_INSTALL = YES;
				SWIFT_OBJC_BRIDGING_HEADER = "iAsync.cache/iAsync_cache-Bridging-Header.h";
				SWIFT_OPTIMIZATION_LEVEL = "-Onone";
				SWIFT_VERSION = 3.0;
			};
			name = Debug;
		};
		2D6F4CF61B3B3CA700AC5D18 /* Release */ = {
			isa = XCBuildConfiguration;
			baseConfigurationReference = 2D53CA0D5A45BA55FE46092C /* Pods-iAsync.cache.release.xcconfig */;
			buildSettings = {
				CLANG_ENABLE_MODULES = YES;
				"CODE_SIGN_IDENTITY[sdk=iphoneos*]" = "iPhone Developer";
				DEFINES_MODULE = YES;
				DEVELOPMENT_TEAM = GAV4QH5NMA;
				DYLIB_COMPATIBILITY_VERSION = 1;
				DYLIB_CURRENT_VERSION = 1;
				DYLIB_INSTALL_NAME_BASE = "@rpath";
				INFOPLIST_FILE = "$(SRCROOT)/Sources/Info.plist";
				INSTALL_PATH = "$(LOCAL_LIBRARY_DIR)/Frameworks";
				LD_RUNPATH_SEARCH_PATHS = "$(inherited) @executable_path/Frameworks @loader_path/Frameworks";
				PRODUCT_BUNDLE_IDENTIFIER = "EmbeddedSources.iAsync-cache";
				PRODUCT_NAME = iAsync_cache;
				SKIP_INSTALL = YES;
				SWIFT_OBJC_BRIDGING_HEADER = "iAsync.cache/iAsync_cache-Bridging-Header.h";
				SWIFT_VERSION = 3.0;
			};
			name = Release;
		};
		2D6F4CF81B3B3CA700AC5D18 /* Debug */ = {
			isa = XCBuildConfiguration;
			baseConfigurationReference = 7C2D658840A84D0967AE69FA /* Pods-iAsync.cacheTests.debug.xcconfig */;
			buildSettings = {
				DEVELOPMENT_TEAM = GAV4QH5NMA;
				INFOPLIST_FILE = iAsync.cacheTests/Info.plist;
				LD_RUNPATH_SEARCH_PATHS = "$(inherited) @executable_path/Frameworks @loader_path/Frameworks";
				PRODUCT_BUNDLE_IDENTIFIER = "EmbeddedSources.iAsync-cacheTests";
				PRODUCT_NAME = "$(TARGET_NAME)";
				SWIFT_VERSION = 3.0;
			};
			name = Debug;
		};
		2D6F4CF91B3B3CA700AC5D18 /* Release */ = {
			isa = XCBuildConfiguration;
			baseConfigurationReference = 5D1966CE5591EF28CA2C35EF /* Pods-iAsync.cacheTests.release.xcconfig */;
			buildSettings = {
				DEVELOPMENT_TEAM = GAV4QH5NMA;
				INFOPLIST_FILE = iAsync.cacheTests/Info.plist;
				LD_RUNPATH_SEARCH_PATHS = "$(inherited) @executable_path/Frameworks @loader_path/Frameworks";
				PRODUCT_BUNDLE_IDENTIFIER = "EmbeddedSources.iAsync-cacheTests";
				PRODUCT_NAME = "$(TARGET_NAME)";
				SWIFT_VERSION = 3.0;
			};
			name = Release;
		};
/* End XCBuildConfiguration section */

/* Begin XCConfigurationList section */
		2D6F4CDA1B3B3CA700AC5D18 /* Build configuration list for PBXProject "iAsync.cache" */ = {
			isa = XCConfigurationList;
			buildConfigurations = (
				2D6F4CF21B3B3CA700AC5D18 /* Debug */,
				2D6F4CF31B3B3CA700AC5D18 /* Release */,
			);
			defaultConfigurationIsVisible = 0;
			defaultConfigurationName = Release;
		};
		2D6F4CF41B3B3CA700AC5D18 /* Build configuration list for PBXNativeTarget "iAsync.cache" */ = {
			isa = XCConfigurationList;
			buildConfigurations = (
				2D6F4CF51B3B3CA700AC5D18 /* Debug */,
				2D6F4CF61B3B3CA700AC5D18 /* Release */,
			);
			defaultConfigurationIsVisible = 0;
			defaultConfigurationName = Release;
		};
		2D6F4CF71B3B3CA700AC5D18 /* Build configuration list for PBXNativeTarget "iAsync.cacheTests" */ = {
			isa = XCConfigurationList;
			buildConfigurations = (
				2D6F4CF81B3B3CA700AC5D18 /* Debug */,
				2D6F4CF91B3B3CA700AC5D18 /* Release */,
			);
			defaultConfigurationIsVisible = 0;
			defaultConfigurationName = Release;
		};
/* End XCConfigurationList section */
	};
	rootObject = 2D6F4CD71B3B3CA700AC5D18 /* Project object */;
}
